
Microsoft Visual Studio Solution File, Format Version 12.00
# Visual Studio Version 16
VisualStudioVersion = 16.0.30717.126
MinimumVisualStudioVersion = 10.0.40219.1
Project("{FAE04EC0-301F-11D3-BF4B-00C04F79EFBC}") = "RIAP", "RIAP\RIAP.csproj", "{9E349840-F90F-49B1-A483-D0A44CE10C2F}"
EndProject
Global
	GlobalSection(SolutionConfigurationPlatforms) = preSolution
		Debug|Any CPU = Debug|Any CPU
		Release|Any CPU = Release|Any CPU
	EndGlobalSection
	GlobalSection(ProjectConfigurationPlatforms) = postSolution
		{9E349840-F90F-49B1-A483-D0A44CE10C2F}.Debug|Any CPU.ActiveCfg = Debug|Any CPU
		{9E349840-F90F-49B1-A483-D0A44CE10C2F}.Debug|Any CPU.Build.0 = Debug|Any CPU
		{9E349840-F90F-49B1-A483-D0A44CE10C2F}.Release|Any CPU.ActiveCfg = Release|Any CPU
		{9E349840-F90F-49B1-A483-D0A44CE10C2F}.Release|Any CPU.Build.0 = Release|Any CPU
	EndGlobalSection
	GlobalSection(SolutionProperties) = preSolution
		HideSolutionNode = FALSE
	EndGlobalSection
	GlobalSection(ExtensibilityGlobals) = postSolution
		SolutionGuid = {316F1DE3-1D51-43F4-A3B8-92C59F219DC3}
	EndGlobalSection
EndGlobal
